// !$*UTF8*$!
{
	archiveVersion = 1;
	classes = {
	};
	objectVersion = 48;
	objects = {

/* Begin PBXBuildFile section */
		841700682080DA39008318B0 /* Main.storyboard in Resources */ = {isa = PBXBuildFile; fileRef = 841700672080DA39008318B0 /* Main.storyboard */; };
		844A07ED20843F540080B47B /* Extension.swift in Sources */ = {isa = PBXBuildFile; fileRef = 844A07EC20843F540080B47B /* Extension.swift */; };
		846BF35D208B731900573C70 /* NotificationService.swift in Sources */ = {isa = PBXBuildFile; fileRef = 846BF35C208B731900573C70 /* NotificationService.swift */; };
		846BF361208B731900573C70 /* OneSignalNotificationServiceExtension.appex in Embed App Extensions */ = {isa = PBXBuildFile; fileRef = 846BF35A208B731800573C70 /* OneSignalNotificationServiceExtension.appex */; settings = {ATTRIBUTES = (RemoveHeadersOnCopy, ); }; };
		849771EA200AF40600DDCA2C /* AppDelegate.swift in Sources */ = {isa = PBXBuildFile; fileRef = 849771E9200AF40600DDCA2C /* AppDelegate.swift */; };
		849771F1200AF40600DDCA2C /* Assets.xcassets in Resources */ = {isa = PBXBuildFile; fileRef = 849771F0200AF40600DDCA2C /* Assets.xcassets */; };
		849771F4200AF40600DDCA2C /* LaunchScreen.storyboard in Resources */ = {isa = PBXBuildFile; fileRef = 849771F2200AF40600DDCA2C /* LaunchScreen.storyboard */; };
		849D47452080F89000CDC931 /* ViewController.swift in Sources */ = {isa = PBXBuildFile; fileRef = 849D47442080F89000CDC931 /* ViewController.swift */; };
		849D47472080F8DE00CDC931 /* NetworkManager.swift in Sources */ = {isa = PBXBuildFile; fileRef = 849D47462080F8DE00CDC931 /* NetworkManager.swift */; };
		849D474B2080FBCB00CDC931 /* CryptoJS.swift in Sources */ = {isa = PBXBuildFile; fileRef = 849D47492080FBCB00CDC931 /* CryptoJS.swift */; };
		849D474C2080FBCB00CDC931 /* sha3.js in Resources */ = {isa = PBXBuildFile; fileRef = 849D474A2080FBCB00CDC931 /* sha3.js */; };
		849D474E2080FCD300CDC931 /* UserLoginManager.swift in Sources */ = {isa = PBXBuildFile; fileRef = 849D474D2080FCD300CDC931 /* UserLoginManager.swift */; };
		849D475220810C4900CDC931 /* RealmManager.swift in Sources */ = {isa = PBXBuildFile; fileRef = 849D475120810C4900CDC931 /* RealmManager.swift */; };
		849D475420821A3800CDC931 /* LoadingView.xib in Resources */ = {isa = PBXBuildFile; fileRef = 849D475320821A3800CDC931 /* LoadingView.xib */; };
		849D475620821ABC00CDC931 /* LoadingViewController.swift in Sources */ = {isa = PBXBuildFile; fileRef = 849D475520821ABC00CDC931 /* LoadingViewController.swift */; };
		849D4758208226AF00CDC931 /* AlertView.xib in Resources */ = {isa = PBXBuildFile; fileRef = 849D4757208226AF00CDC931 /* AlertView.xib */; };
		849D475A2082286F00CDC931 /* AlertViewController.swift in Sources */ = {isa = PBXBuildFile; fileRef = 849D47592082286F00CDC931 /* AlertViewController.swift */; };
		849D475D20822D0500CDC931 /* UserDAO.swift in Sources */ = {isa = PBXBuildFile; fileRef = 849D475C20822D0500CDC931 /* UserDAO.swift */; };
		849D475F2082547900CDC931 /* SettingTableViewController.swift in Sources */ = {isa = PBXBuildFile; fileRef = 849D475E2082547900CDC931 /* SettingTableViewController.swift */; };
		849D476120825A8700CDC931 /* WorkflowTableViewController.swift in Sources */ = {isa = PBXBuildFile; fileRef = 849D476020825A8700CDC931 /* WorkflowTableViewController.swift */; };
		849D476320831BC900CDC931 /* WorkflowManager.swift in Sources */ = {isa = PBXBuildFile; fileRef = 849D476220831BC900CDC931 /* WorkflowManager.swift */; };
		849D476520831E9100CDC931 /* WorkflowListTableViewController.swift in Sources */ = {isa = PBXBuildFile; fileRef = 849D476420831E9100CDC931 /* WorkflowListTableViewController.swift */; };
		849D47672083445500CDC931 /* NewWorkflowView.xib in Resources */ = {isa = PBXBuildFile; fileRef = 849D47662083445500CDC931 /* NewWorkflowView.xib */; };
		849D47692083446A00CDC931 /* NewWorkflowViewController.swift in Sources */ = {isa = PBXBuildFile; fileRef = 849D47682083446A00CDC931 /* NewWorkflowViewController.swift */; };
		84A13CD42083B476006B7E0F /* TagSelectView.xib in Resources */ = {isa = PBXBuildFile; fileRef = 84A13CD32083B476006B7E0F /* TagSelectView.xib */; };
		84A13CD62083B580006B7E0F /* TagSelectViewController.swift in Sources */ = {isa = PBXBuildFile; fileRef = 84A13CD52083B580006B7E0F /* TagSelectViewController.swift */; };
		84A13CD82083C0A7006B7E0F /* DateSelectView.xib in Resources */ = {isa = PBXBuildFile; fileRef = 84A13CD72083C0A7006B7E0F /* DateSelectView.xib */; };
		84A13CDA2083C0BF006B7E0F /* DateSelectViewController.swift in Sources */ = {isa = PBXBuildFile; fileRef = 84A13CD92083C0BF006B7E0F /* DateSelectViewController.swift */; };
		84C5ADC2209595FE005A96FA /* GoogleService-Info.plist in Resources */ = {isa = PBXBuildFile; fileRef = 84C5ADC1209595FE005A96FA /* GoogleService-Info.plist */; };
		84FA33AB208456AA00F7DE36 /* WorkflowDetailView.xib in Resources */ = {isa = PBXBuildFile; fileRef = 84FA33AA208456AA00F7DE36 /* WorkflowDetailView.xib */; };
		84FA33AD208456BE00F7DE36 /* WorkflowDetailViewController.swift in Sources */ = {isa = PBXBuildFile; fileRef = 84FA33AC208456BE00F7DE36 /* WorkflowDetailViewController.swift */; };
		84FA33AF2084577600F7DE36 /* AssignWorkflowView.xib in Resources */ = {isa = PBXBuildFile; fileRef = 84FA33AE2084577600F7DE36 /* AssignWorkflowView.xib */; };
		84FA33B12084578600F7DE36 /* AssignWorkflowViewController.swift in Sources */ = {isa = PBXBuildFile; fileRef = 84FA33B02084578600F7DE36 /* AssignWorkflowViewController.swift */; };
		84FA33B32084A13C00F7DE36 /* ChangeWorkflowStatusView.xib in Resources */ = {isa = PBXBuildFile; fileRef = 84FA33B22084A13C00F7DE36 /* ChangeWorkflowStatusView.xib */; };
		84FA33B52084A14A00F7DE36 /* ChangeWorkflowStatusViewController.swift in Sources */ = {isa = PBXBuildFile; fileRef = 84FA33B42084A14A00F7DE36 /* ChangeWorkflowStatusViewController.swift */; };
		84FE93F9208786070013B4EB /* TutorManager.swift in Sources */ = {isa = PBXBuildFile; fileRef = 84FE93F8208786070013B4EB /* TutorManager.swift */; };
		84FE93FB2087A5F80013B4EB /* AssignWorkflowDetailView.xib in Resources */ = {isa = PBXBuildFile; fileRef = 84FE93FA2087A5F80013B4EB /* AssignWorkflowDetailView.xib */; };
		84FE93FD2087A6140013B4EB /* AssignWorkflowDetailViewController.swift in Sources */ = {isa = PBXBuildFile; fileRef = 84FE93FC2087A6140013B4EB /* AssignWorkflowDetailViewController.swift */; };
		84FE93FF208825A40013B4EB /* NotificationTokenManager.swift in Sources */ = {isa = PBXBuildFile; fileRef = 84FE93FE208825A40013B4EB /* NotificationTokenManager.swift */; };
		B6E242F451259BA6C1182251 /* Pods_MonkeyTutor.framework in Frameworks */ = {isa = PBXBuildFile; fileRef = 62F1CFBC6935BAF3DB6C0BAF /* Pods_MonkeyTutor.framework */; };
		BD32C262F3E7FFA22CE6A53F /* Pods_OneSignalNotificationServiceExtension.framework in Frameworks */ = {isa = PBXBuildFile; fileRef = 0DAB59FC9272ADA22B735A18 /* Pods_OneSignalNotificationServiceExtension.framework */; };
/* End PBXBuildFile section */

/* Begin PBXContainerItemProxy section */
		846BF35F208B731900573C70 /* PBXContainerItemProxy */ = {
			isa = PBXContainerItemProxy;
			containerPortal = 849771DE200AF40600DDCA2C /* Project object */;
			proxyType = 1;
			remoteGlobalIDString = 846BF359208B731800573C70;
			remoteInfo = OneSignalNotificationServiceExtension;
		};
/* End PBXContainerItemProxy section */

/* Begin PBXCopyFilesBuildPhase section */
		846BF365208B731900573C70 /* Embed App Extensions */ = {
			isa = PBXCopyFilesBuildPhase;
			buildActionMask = 2147483647;
			dstPath = "";
			dstSubfolderSpec = 13;
			files = (
				846BF361208B731900573C70 /* OneSignalNotificationServiceExtension.appex in Embed App Extensions */,
			);
			name = "Embed App Extensions";
			runOnlyForDeploymentPostprocessing = 0;
		};
/* End PBXCopyFilesBuildPhase section */

/* Begin PBXFileReference section */
		0DAB59FC9272ADA22B735A18 /* Pods_OneSignalNotificationServiceExtension.framework */ = {isa = PBXFileReference; explicitFileType = wrapper.framework; includeInIndex = 0; path = Pods_OneSignalNotificationServiceExtension.framework; sourceTree = BUILT_PRODUCTS_DIR; };
		1F29AD33F1E20ECA8EC927E2 /* Pods-MonkeyTutor.release.xcconfig */ = {isa = PBXFileReference; includeInIndex = 1; lastKnownFileType = text.xcconfig; name = "Pods-MonkeyTutor.release.xcconfig"; path = "Pods/Target Support Files/Pods-MonkeyTutor/Pods-MonkeyTutor.release.xcconfig"; sourceTree = "<group>"; };
		2AC1BA6512BA5B23ABA6EC51 /* Pods-MonkeyTutorUITests.debug.xcconfig */ = {isa = PBXFileReference; includeInIndex = 1; lastKnownFileType = text.xcconfig; name = "Pods-MonkeyTutorUITests.debug.xcconfig"; path = "Pods/Target Support Files/Pods-MonkeyTutorUITests/Pods-MonkeyTutorUITests.debug.xcconfig"; sourceTree = "<group>"; };
		62F1CFBC6935BAF3DB6C0BAF /* Pods_MonkeyTutor.framework */ = {isa = PBXFileReference; explicitFileType = wrapper.framework; includeInIndex = 0; path = Pods_MonkeyTutor.framework; sourceTree = BUILT_PRODUCTS_DIR; };
		6C28106C9DA519EF7A6C3940 /* Pods-MonkeyTutor.debug.xcconfig */ = {isa = PBXFileReference; includeInIndex = 1; lastKnownFileType = text.xcconfig; name = "Pods-MonkeyTutor.debug.xcconfig"; path = "Pods/Target Support Files/Pods-MonkeyTutor/Pods-MonkeyTutor.debug.xcconfig"; sourceTree = "<group>"; };
		7B2EC1E8973A42F6E5FA798A /* Pods-OneSignalNotificationServiceExtension.debug.xcconfig */ = {isa = PBXFileReference; includeInIndex = 1; lastKnownFileType = text.xcconfig; name = "Pods-OneSignalNotificationServiceExtension.debug.xcconfig"; path = "Pods/Target Support Files/Pods-OneSignalNotificationServiceExtension/Pods-OneSignalNotificationServiceExtension.debug.xcconfig"; sourceTree = "<group>"; };
		841700672080DA39008318B0 /* Main.storyboard */ = {isa = PBXFileReference; lastKnownFileType = file.storyboard; path = Main.storyboard; sourceTree = "<group>"; };
		844A07EC20843F540080B47B /* Extension.swift */ = {isa = PBXFileReference; lastKnownFileType = sourcecode.swift; path = Extension.swift; sourceTree = "<group>"; };
		846BF35A208B731800573C70 /* OneSignalNotificationServiceExtension.appex */ = {isa = PBXFileReference; explicitFileType = "wrapper.app-extension"; includeInIndex = 0; path = OneSignalNotificationServiceExtension.appex; sourceTree = BUILT_PRODUCTS_DIR; };
		846BF35C208B731900573C70 /* NotificationService.swift */ = {isa = PBXFileReference; lastKnownFileType = sourcecode.swift; path = NotificationService.swift; sourceTree = "<group>"; };
		846BF35E208B731900573C70 /* Info.plist */ = {isa = PBXFileReference; lastKnownFileType = text.plist.xml; path = Info.plist; sourceTree = "<group>"; };
		849771E6200AF40600DDCA2C /* MonkeyTutor.app */ = {isa = PBXFileReference; explicitFileType = wrapper.application; includeInIndex = 0; path = MonkeyTutor.app; sourceTree = BUILT_PRODUCTS_DIR; };
		849771E9200AF40600DDCA2C /* AppDelegate.swift */ = {isa = PBXFileReference; lastKnownFileType = sourcecode.swift; path = AppDelegate.swift; sourceTree = "<group>"; };
		849771F0200AF40600DDCA2C /* Assets.xcassets */ = {isa = PBXFileReference; lastKnownFileType = folder.assetcatalog; path = Assets.xcassets; sourceTree = "<group>"; };
		849771F3200AF40600DDCA2C /* Base */ = {isa = PBXFileReference; lastKnownFileType = file.storyboard; name = Base; path = Base.lproj/LaunchScreen.storyboard; sourceTree = "<group>"; };
		849771F5200AF40600DDCA2C /* Info.plist */ = {isa = PBXFileReference; lastKnownFileType = text.plist.xml; path = Info.plist; sourceTree = "<group>"; };
		849D47442080F89000CDC931 /* ViewController.swift */ = {isa = PBXFileReference; lastKnownFileType = sourcecode.swift; path = ViewController.swift; sourceTree = "<group>"; };
		849D47462080F8DE00CDC931 /* NetworkManager.swift */ = {isa = PBXFileReference; lastKnownFileType = sourcecode.swift; path = NetworkManager.swift; sourceTree = "<group>"; };
		849D47492080FBCB00CDC931 /* CryptoJS.swift */ = {isa = PBXFileReference; fileEncoding = 4; lastKnownFileType = sourcecode.swift; path = CryptoJS.swift; sourceTree = "<group>"; };
		849D474A2080FBCB00CDC931 /* sha3.js */ = {isa = PBXFileReference; fileEncoding = 4; lastKnownFileType = sourcecode.javascript; path = sha3.js; sourceTree = "<group>"; };
		849D474D2080FCD300CDC931 /* UserLoginManager.swift */ = {isa = PBXFileReference; lastKnownFileType = sourcecode.swift; path = UserLoginManager.swift; sourceTree = "<group>"; };
		849D475120810C4900CDC931 /* RealmManager.swift */ = {isa = PBXFileReference; lastKnownFileType = sourcecode.swift; path = RealmManager.swift; sourceTree = "<group>"; };
		849D475320821A3800CDC931 /* LoadingView.xib */ = {isa = PBXFileReference; lastKnownFileType = file.xib; path = LoadingView.xib; sourceTree = "<group>"; };
		849D475520821ABC00CDC931 /* LoadingViewController.swift */ = {isa = PBXFileReference; lastKnownFileType = sourcecode.swift; path = LoadingViewController.swift; sourceTree = "<group>"; };
		849D4757208226AF00CDC931 /* AlertView.xib */ = {isa = PBXFileReference; lastKnownFileType = file.xib; path = AlertView.xib; sourceTree = "<group>"; };
		849D47592082286F00CDC931 /* AlertViewController.swift */ = {isa = PBXFileReference; lastKnownFileType = sourcecode.swift; path = AlertViewController.swift; sourceTree = "<group>"; };
		849D475C20822D0500CDC931 /* UserDAO.swift */ = {isa = PBXFileReference; lastKnownFileType = sourcecode.swift; path = UserDAO.swift; sourceTree = "<group>"; };
		849D475E2082547900CDC931 /* SettingTableViewController.swift */ = {isa = PBXFileReference; lastKnownFileType = sourcecode.swift; path = SettingTableViewController.swift; sourceTree = "<group>"; };
		849D476020825A8700CDC931 /* WorkflowTableViewController.swift */ = {isa = PBXFileReference; lastKnownFileType = sourcecode.swift; path = WorkflowTableViewController.swift; sourceTree = "<group>"; };
		849D476220831BC900CDC931 /* WorkflowManager.swift */ = {isa = PBXFileReference; lastKnownFileType = sourcecode.swift; path = WorkflowManager.swift; sourceTree = "<group>"; };
		849D476420831E9100CDC931 /* WorkflowListTableViewController.swift */ = {isa = PBXFileReference; lastKnownFileType = sourcecode.swift; path = WorkflowListTableViewController.swift; sourceTree = "<group>"; };
		849D47662083445500CDC931 /* NewWorkflowView.xib */ = {isa = PBXFileReference; lastKnownFileType = file.xib; path = NewWorkflowView.xib; sourceTree = "<group>"; };
		849D47682083446A00CDC931 /* NewWorkflowViewController.swift */ = {isa = PBXFileReference; lastKnownFileType = sourcecode.swift; path = NewWorkflowViewController.swift; sourceTree = "<group>"; };
		84A13CD32083B476006B7E0F /* TagSelectView.xib */ = {isa = PBXFileReference; lastKnownFileType = file.xib; path = TagSelectView.xib; sourceTree = "<group>"; };
		84A13CD52083B580006B7E0F /* TagSelectViewController.swift */ = {isa = PBXFileReference; lastKnownFileType = sourcecode.swift; path = TagSelectViewController.swift; sourceTree = "<group>"; };
		84A13CD72083C0A7006B7E0F /* DateSelectView.xib */ = {isa = PBXFileReference; lastKnownFileType = file.xib; path = DateSelectView.xib; sourceTree = "<group>"; };
		84A13CD92083C0BF006B7E0F /* DateSelectViewController.swift */ = {isa = PBXFileReference; lastKnownFileType = sourcecode.swift; path = DateSelectViewController.swift; sourceTree = "<group>"; };
		84C5ADC1209595FE005A96FA /* GoogleService-Info.plist */ = {isa = PBXFileReference; fileEncoding = 4; lastKnownFileType = text.plist.xml; path = "GoogleService-Info.plist"; sourceTree = "<group>"; };
		84CCEEE120415F6800FF9C6B /* MonkeyTutor.entitlements */ = {isa = PBXFileReference; lastKnownFileType = text.plist.entitlements; path = MonkeyTutor.entitlements; sourceTree = "<group>"; };
		84FA33AA208456AA00F7DE36 /* WorkflowDetailView.xib */ = {isa = PBXFileReference; lastKnownFileType = file.xib; path = WorkflowDetailView.xib; sourceTree = "<group>"; };
		84FA33AC208456BE00F7DE36 /* WorkflowDetailViewController.swift */ = {isa = PBXFileReference; lastKnownFileType = sourcecode.swift; path = WorkflowDetailViewController.swift; sourceTree = "<group>"; };
		84FA33AE2084577600F7DE36 /* AssignWorkflowView.xib */ = {isa = PBXFileReference; lastKnownFileType = file.xib; path = AssignWorkflowView.xib; sourceTree = "<group>"; };
		84FA33B02084578600F7DE36 /* AssignWorkflowViewController.swift */ = {isa = PBXFileReference; lastKnownFileType = sourcecode.swift; path = AssignWorkflowViewController.swift; sourceTree = "<group>"; };
		84FA33B22084A13C00F7DE36 /* ChangeWorkflowStatusView.xib */ = {isa = PBXFileReference; lastKnownFileType = file.xib; path = ChangeWorkflowStatusView.xib; sourceTree = "<group>"; };
		84FA33B42084A14A00F7DE36 /* ChangeWorkflowStatusViewController.swift */ = {isa = PBXFileReference; lastKnownFileType = sourcecode.swift; path = ChangeWorkflowStatusViewController.swift; sourceTree = "<group>"; };
		84FE93F8208786070013B4EB /* TutorManager.swift */ = {isa = PBXFileReference; lastKnownFileType = sourcecode.swift; path = TutorManager.swift; sourceTree = "<group>"; };
		84FE93FA2087A5F80013B4EB /* AssignWorkflowDetailView.xib */ = {isa = PBXFileReference; lastKnownFileType = file.xib; path = AssignWorkflowDetailView.xib; sourceTree = "<group>"; };
		84FE93FC2087A6140013B4EB /* AssignWorkflowDetailViewController.swift */ = {isa = PBXFileReference; lastKnownFileType = sourcecode.swift; path = AssignWorkflowDetailViewController.swift; sourceTree = "<group>"; };
		84FE93FE208825A40013B4EB /* NotificationTokenManager.swift */ = {isa = PBXFileReference; lastKnownFileType = sourcecode.swift; path = NotificationTokenManager.swift; sourceTree = "<group>"; };
		9EA417C7E224CE99A9A4CFAD /* Pods-MonkeyTutorTests.release.xcconfig */ = {isa = PBXFileReference; includeInIndex = 1; lastKnownFileType = text.xcconfig; name = "Pods-MonkeyTutorTests.release.xcconfig"; path = "Pods/Target Support Files/Pods-MonkeyTutorTests/Pods-MonkeyTutorTests.release.xcconfig"; sourceTree = "<group>"; };
		A7E0455D4BC12C25F2797BFA /* Pods-MonkeyTutorTests.debug.xcconfig */ = {isa = PBXFileReference; includeInIndex = 1; lastKnownFileType = text.xcconfig; name = "Pods-MonkeyTutorTests.debug.xcconfig"; path = "Pods/Target Support Files/Pods-MonkeyTutorTests/Pods-MonkeyTutorTests.debug.xcconfig"; sourceTree = "<group>"; };
		ACD493A2E83A54179C2BF1EA /* Pods_MonkeyTutorUITests.framework */ = {isa = PBXFileReference; explicitFileType = wrapper.framework; includeInIndex = 0; path = Pods_MonkeyTutorUITests.framework; sourceTree = BUILT_PRODUCTS_DIR; };
		AF8A01F6F2C1F4C3FB4A99DB /* Pods-MonkeyTutorUITests.release.xcconfig */ = {isa = PBXFileReference; includeInIndex = 1; lastKnownFileType = text.xcconfig; name = "Pods-MonkeyTutorUITests.release.xcconfig"; path = "Pods/Target Support Files/Pods-MonkeyTutorUITests/Pods-MonkeyTutorUITests.release.xcconfig"; sourceTree = "<group>"; };
		B4F9C37DC1EC420F2CBFF696 /* Pods_MonkeyTutorTests.framework */ = {isa = PBXFileReference; explicitFileType = wrapper.framework; includeInIndex = 0; path = Pods_MonkeyTutorTests.framework; sourceTree = BUILT_PRODUCTS_DIR; };
		DC6E99D755B1CAC789001A1F /* Pods-OneSignalNotificationServiceExtension.release.xcconfig */ = {isa = PBXFileReference; includeInIndex = 1; lastKnownFileType = text.xcconfig; name = "Pods-OneSignalNotificationServiceExtension.release.xcconfig"; path = "Pods/Target Support Files/Pods-OneSignalNotificationServiceExtension/Pods-OneSignalNotificationServiceExtension.release.xcconfig"; sourceTree = "<group>"; };
/* End PBXFileReference section */

/* Begin PBXFrameworksBuildPhase section */
		846BF357208B731800573C70 /* Frameworks */ = {
			isa = PBXFrameworksBuildPhase;
			buildActionMask = 2147483647;
			files = (
				BD32C262F3E7FFA22CE6A53F /* Pods_OneSignalNotificationServiceExtension.framework in Frameworks */,
			);
			runOnlyForDeploymentPostprocessing = 0;
		};
		849771E3200AF40600DDCA2C /* Frameworks */ = {
			isa = PBXFrameworksBuildPhase;
			buildActionMask = 2147483647;
			files = (
				B6E242F451259BA6C1182251 /* Pods_MonkeyTutor.framework in Frameworks */,
			);
			runOnlyForDeploymentPostprocessing = 0;
		};
/* End PBXFrameworksBuildPhase section */

/* Begin PBXGroup section */
		3B13A70DDEBEFEE323A36819 /* Pods */ = {
			isa = PBXGroup;
			children = (
				6C28106C9DA519EF7A6C3940 /* Pods-MonkeyTutor.debug.xcconfig */,
				1F29AD33F1E20ECA8EC927E2 /* Pods-MonkeyTutor.release.xcconfig */,
				A7E0455D4BC12C25F2797BFA /* Pods-MonkeyTutorTests.debug.xcconfig */,
				9EA417C7E224CE99A9A4CFAD /* Pods-MonkeyTutorTests.release.xcconfig */,
				2AC1BA6512BA5B23ABA6EC51 /* Pods-MonkeyTutorUITests.debug.xcconfig */,
				AF8A01F6F2C1F4C3FB4A99DB /* Pods-MonkeyTutorUITests.release.xcconfig */,
				7B2EC1E8973A42F6E5FA798A /* Pods-OneSignalNotificationServiceExtension.debug.xcconfig */,
				DC6E99D755B1CAC789001A1F /* Pods-OneSignalNotificationServiceExtension.release.xcconfig */,
			);
			name = Pods;
			sourceTree = "<group>";
		};
		846BF35B208B731900573C70 /* OneSignalNotificationServiceExtension */ = {
			isa = PBXGroup;
			children = (
				846BF35C208B731900573C70 /* NotificationService.swift */,
				846BF35E208B731900573C70 /* Info.plist */,
			);
			path = OneSignalNotificationServiceExtension;
			sourceTree = "<group>";
		};
		849771DD200AF40600DDCA2C = {
			isa = PBXGroup;
			children = (
				849771E8200AF40600DDCA2C /* MonkeyTutor */,
				846BF35B208B731900573C70 /* OneSignalNotificationServiceExtension */,
				849771E7200AF40600DDCA2C /* Products */,
				3B13A70DDEBEFEE323A36819 /* Pods */,
				F45893BE2483F1B5234119A0 /* Frameworks */,
			);
			sourceTree = "<group>";
		};
		849771E7200AF40600DDCA2C /* Products */ = {
			isa = PBXGroup;
			children = (
				849771E6200AF40600DDCA2C /* MonkeyTutor.app */,
				846BF35A208B731800573C70 /* OneSignalNotificationServiceExtension.appex */,
			);
			name = Products;
			sourceTree = "<group>";
		};
		849771E8200AF40600DDCA2C /* MonkeyTutor */ = {
			isa = PBXGroup;
			children = (
				849D47422080F83D00CDC931 /* Storyboard */,
				849D47432080F84A00CDC931 /* Xib */,
				849D47412080F83700CDC931 /* Controller */,
				849D473F2080F82B00CDC931 /* Model */,
				849D475B20822CDE00CDC931 /* DAO */,
				849771F0200AF40600DDCA2C /* Assets.xcassets */,
				849771F2200AF40600DDCA2C /* LaunchScreen.storyboard */,
				849771E9200AF40600DDCA2C /* AppDelegate.swift */,
				84CCEEE120415F6800FF9C6B /* MonkeyTutor.entitlements */,
				84C5ADC1209595FE005A96FA /* GoogleService-Info.plist */,
				849771F5200AF40600DDCA2C /* Info.plist */,
			);
			path = MonkeyTutor;
			sourceTree = "<group>";
		};
		849D473F2080F82B00CDC931 /* Model */ = {
			isa = PBXGroup;
			children = (
				849D47482080FBC000CDC931 /* Crypto */,
				849D47462080F8DE00CDC931 /* NetworkManager.swift */,
				849D474D2080FCD300CDC931 /* UserLoginManager.swift */,
				849D475120810C4900CDC931 /* RealmManager.swift */,
				849D476220831BC900CDC931 /* WorkflowManager.swift */,
				844A07EC20843F540080B47B /* Extension.swift */,
				84FE93F8208786070013B4EB /* TutorManager.swift */,
				84FE93FE208825A40013B4EB /* NotificationTokenManager.swift */,
			);
			path = Model;
			sourceTree = "<group>";
		};
		849D47412080F83700CDC931 /* Controller */ = {
			isa = PBXGroup;
			children = (
				849D47442080F89000CDC931 /* ViewController.swift */,
				849D475520821ABC00CDC931 /* LoadingViewController.swift */,
				849D47592082286F00CDC931 /* AlertViewController.swift */,
				849D475E2082547900CDC931 /* SettingTableViewController.swift */,
				849D476020825A8700CDC931 /* WorkflowTableViewController.swift */,
				849D476420831E9100CDC931 /* WorkflowListTableViewController.swift */,
				849D47682083446A00CDC931 /* NewWorkflowViewController.swift */,
				84A13CD52083B580006B7E0F /* TagSelectViewController.swift */,
				84A13CD92083C0BF006B7E0F /* DateSelectViewController.swift */,
				84FA33AC208456BE00F7DE36 /* WorkflowDetailViewController.swift */,
				84FA33B42084A14A00F7DE36 /* ChangeWorkflowStatusViewController.swift */,
				84FA33B02084578600F7DE36 /* AssignWorkflowViewController.swift */,
				84FE93FC2087A6140013B4EB /* AssignWorkflowDetailViewController.swift */,
			);
			path = Controller;
			sourceTree = "<group>";
		};
		849D47422080F83D00CDC931 /* Storyboard */ = {
			isa = PBXGroup;
			children = (
				841700672080DA39008318B0 /* Main.storyboard */,
			);
			path = Storyboard;
			sourceTree = "<group>";
		};
		849D47432080F84A00CDC931 /* Xib */ = {
			isa = PBXGroup;
			children = (
				849D475320821A3800CDC931 /* LoadingView.xib */,
				849D4757208226AF00CDC931 /* AlertView.xib */,
				849D47662083445500CDC931 /* NewWorkflowView.xib */,
				84A13CD32083B476006B7E0F /* TagSelectView.xib */,
				84A13CD72083C0A7006B7E0F /* DateSelectView.xib */,
				84FA33AA208456AA00F7DE36 /* WorkflowDetailView.xib */,
				84FA33AE2084577600F7DE36 /* AssignWorkflowView.xib */,
				84FA33B22084A13C00F7DE36 /* ChangeWorkflowStatusView.xib */,
				84FE93FA2087A5F80013B4EB /* AssignWorkflowDetailView.xib */,
			);
			path = Xib;
			sourceTree = "<group>";
		};
		849D47482080FBC000CDC931 /* Crypto */ = {
			isa = PBXGroup;
			children = (
				849D47492080FBCB00CDC931 /* CryptoJS.swift */,
				849D474A2080FBCB00CDC931 /* sha3.js */,
			);
			path = Crypto;
			sourceTree = "<group>";
		};
		849D475B20822CDE00CDC931 /* DAO */ = {
			isa = PBXGroup;
			children = (
				849D475C20822D0500CDC931 /* UserDAO.swift */,
			);
			path = DAO;
			sourceTree = "<group>";
		};
		F45893BE2483F1B5234119A0 /* Frameworks */ = {
			isa = PBXGroup;
			children = (
				62F1CFBC6935BAF3DB6C0BAF /* Pods_MonkeyTutor.framework */,
				B4F9C37DC1EC420F2CBFF696 /* Pods_MonkeyTutorTests.framework */,
				ACD493A2E83A54179C2BF1EA /* Pods_MonkeyTutorUITests.framework */,
				0DAB59FC9272ADA22B735A18 /* Pods_OneSignalNotificationServiceExtension.framework */,
			);
			name = Frameworks;
			sourceTree = "<group>";
		};
/* End PBXGroup section */

/* Begin PBXNativeTarget section */
		846BF359208B731800573C70 /* OneSignalNotificationServiceExtension */ = {
			isa = PBXNativeTarget;
			buildConfigurationList = 846BF364208B731900573C70 /* Build configuration list for PBXNativeTarget "OneSignalNotificationServiceExtension" */;
			buildPhases = (
				D231BDF08FE3A74BE2AAAA9A /* [CP] Check Pods Manifest.lock */,
				846BF356208B731800573C70 /* Sources */,
				846BF357208B731800573C70 /* Frameworks */,
				846BF358208B731800573C70 /* Resources */,
				67DA73C31B974262FEB1B1C2 /* [CP] Copy Pods Resources */,
			);
			buildRules = (
			);
			dependencies = (
			);
			name = OneSignalNotificationServiceExtension;
			productName = OneSignalNotificationServiceExtension;
			productReference = 846BF35A208B731800573C70 /* OneSignalNotificationServiceExtension.appex */;
			productType = "com.apple.product-type.app-extension";
		};
		849771E5200AF40600DDCA2C /* MonkeyTutor */ = {
			isa = PBXNativeTarget;
			buildConfigurationList = 8497720E200AF40600DDCA2C /* Build configuration list for PBXNativeTarget "MonkeyTutor" */;
			buildPhases = (
				A435796EA5F9E16A9CC76CAD /* [CP] Check Pods Manifest.lock */,
				849771E2200AF40600DDCA2C /* Sources */,
				849771E3200AF40600DDCA2C /* Frameworks */,
				849771E4200AF40600DDCA2C /* Resources */,
				B692FA939750438C7C4AC343 /* [CP] Embed Pods Frameworks */,
				4E4C78E6C39BB88816CE2BE2 /* [CP] Copy Pods Resources */,
				84FB5D57201DC6950026DBCB /* ShellScript */,
				846BF365208B731900573C70 /* Embed App Extensions */,
			);
			buildRules = (
			);
			dependencies = (
				846BF360208B731900573C70 /* PBXTargetDependency */,
			);
			name = MonkeyTutor;
			productName = MonkeyTutor;
			productReference = 849771E6200AF40600DDCA2C /* MonkeyTutor.app */;
			productType = "com.apple.product-type.application";
		};
/* End PBXNativeTarget section */

/* Begin PBXProject section */
		849771DE200AF40600DDCA2C /* Project object */ = {
			isa = PBXProject;
			attributes = {
				LastSwiftUpdateCheck = 0930;
				LastUpgradeCheck = 0930;
				ORGANIZATIONNAME = MonkeyIT;
				TargetAttributes = {
					846BF359208B731800573C70 = {
						CreatedOnToolsVersion = 9.3;
						ProvisioningStyle = Automatic;
					};
					849771E5200AF40600DDCA2C = {
						CreatedOnToolsVersion = 9.2;
						ProvisioningStyle = Automatic;
						SystemCapabilities = {
							com.apple.BackgroundModes = {
								enabled = 1;
							};
							com.apple.Push = {
								enabled = 1;
							};
						};
					};
				};
			};
			buildConfigurationList = 849771E1200AF40600DDCA2C /* Build configuration list for PBXProject "MonkeyTutor" */;
			compatibilityVersion = "Xcode 8.0";
			developmentRegion = en;
			hasScannedForEncodings = 0;
			knownRegions = (
				en,
				Base,
			);
			mainGroup = 849771DD200AF40600DDCA2C;
			productRefGroup = 849771E7200AF40600DDCA2C /* Products */;
			projectDirPath = "";
			projectRoot = "";
			targets = (
				849771E5200AF40600DDCA2C /* MonkeyTutor */,
				846BF359208B731800573C70 /* OneSignalNotificationServiceExtension */,
			);
		};
/* End PBXProject section */

/* Begin PBXResourcesBuildPhase section */
		846BF358208B731800573C70 /* Resources */ = {
			isa = PBXResourcesBuildPhase;
			buildActionMask = 2147483647;
			files = (
			);
			runOnlyForDeploymentPostprocessing = 0;
		};
		849771E4200AF40600DDCA2C /* Resources */ = {
			isa = PBXResourcesBuildPhase;
			buildActionMask = 2147483647;
			files = (
				84FA33AB208456AA00F7DE36 /* WorkflowDetailView.xib in Resources */,
				849771F4200AF40600DDCA2C /* LaunchScreen.storyboard in Resources */,
				84A13CD42083B476006B7E0F /* TagSelectView.xib in Resources */,
				849D474C2080FBCB00CDC931 /* sha3.js in Resources */,
				84FA33AF2084577600F7DE36 /* AssignWorkflowView.xib in Resources */,
				84FE93FB2087A5F80013B4EB /* AssignWorkflowDetailView.xib in Resources */,
				849771F1200AF40600DDCA2C /* Assets.xcassets in Resources */,
				849D4758208226AF00CDC931 /* AlertView.xib in Resources */,
				84A13CD82083C0A7006B7E0F /* DateSelectView.xib in Resources */,
				841700682080DA39008318B0 /* Main.storyboard in Resources */,
				84FA33B32084A13C00F7DE36 /* ChangeWorkflowStatusView.xib in Resources */,
				849D47672083445500CDC931 /* NewWorkflowView.xib in Resources */,
				849D475420821A3800CDC931 /* LoadingView.xib in Resources */,
				84C5ADC2209595FE005A96FA /* GoogleService-Info.plist in Resources */,
			);
			runOnlyForDeploymentPostprocessing = 0;
		};
/* End PBXResourcesBuildPhase section */

/* Begin PBXShellScriptBuildPhase section */
		4E4C78E6C39BB88816CE2BE2 /* [CP] Copy Pods Resources */ = {
			isa = PBXShellScriptBuildPhase;
			buildActionMask = 2147483647;
			files = (
			);
			inputPaths = (
			);
			name = "[CP] Copy Pods Resources";
			outputPaths = (
			);
			runOnlyForDeploymentPostprocessing = 0;
			shellPath = /bin/sh;
			shellScript = "\"${SRCROOT}/Pods/Target Support Files/Pods-MonkeyTutor/Pods-MonkeyTutor-resources.sh\"\n";
			showEnvVarsInLog = 0;
		};
		67DA73C31B974262FEB1B1C2 /* [CP] Copy Pods Resources */ = {
			isa = PBXShellScriptBuildPhase;
			buildActionMask = 2147483647;
			files = (
			);
			inputPaths = (
			);
			name = "[CP] Copy Pods Resources";
			outputPaths = (
			);
			runOnlyForDeploymentPostprocessing = 0;
			shellPath = /bin/sh;
			shellScript = "\"${SRCROOT}/Pods/Target Support Files/Pods-OneSignalNotificationServiceExtension/Pods-OneSignalNotificationServiceExtension-resources.sh\"\n";
			showEnvVarsInLog = 0;
		};
		84FB5D57201DC6950026DBCB /* ShellScript */ = {
			isa = PBXShellScriptBuildPhase;
			buildActionMask = 2147483647;
			files = (
			);
			inputPaths = (
			);
			outputPaths = (
			);
			runOnlyForDeploymentPostprocessing = 0;
			shellPath = /bin/sh;
			shellScript = "\"${PODS_ROOT}/Fabric/run\" d5fec8ac1f77256eeba2c2447bdba146f09a1f32 bd727550be09c48cb53694a9761a1bf2c5cb227707e53edc246fea4116b7ecdb";
		};
		A435796EA5F9E16A9CC76CAD /* [CP] Check Pods Manifest.lock */ = {
			isa = PBXShellScriptBuildPhase;
			buildActionMask = 2147483647;
			files = (
			);
			inputPaths = (
				"${PODS_PODFILE_DIR_PATH}/Podfile.lock",
				"${PODS_ROOT}/Manifest.lock",
			);
			name = "[CP] Check Pods Manifest.lock";
			outputPaths = (
				"$(DERIVED_FILE_DIR)/Pods-MonkeyTutor-checkManifestLockResult.txt",
			);
			runOnlyForDeploymentPostprocessing = 0;
			shellPath = /bin/sh;
			shellScript = "diff \"${PODS_PODFILE_DIR_PATH}/Podfile.lock\" \"${PODS_ROOT}/Manifest.lock\" > /dev/null\nif [ $? != 0 ] ; then\n    # print error to STDERR\n    echo \"error: The sandbox is not in sync with the Podfile.lock. Run 'pod install' or update your CocoaPods installation.\" >&2\n    exit 1\nfi\n# This output is used by Xcode 'outputs' to avoid re-running this script phase.\necho \"SUCCESS\" > \"${SCRIPT_OUTPUT_FILE_0}\"\n";
			showEnvVarsInLog = 0;
		};
		B692FA939750438C7C4AC343 /* [CP] Embed Pods Frameworks */ = {
			isa = PBXShellScriptBuildPhase;
			buildActionMask = 2147483647;
			files = (
			);
			inputPaths = (
				"${SRCROOT}/Pods/Target Support Files/Pods-MonkeyTutor/Pods-MonkeyTutor-frameworks.sh",
				"${BUILT_PRODUCTS_DIR}/Alamofire/Alamofire.framework",
				"${BUILT_PRODUCTS_DIR}/GoogleToolboxForMac/GoogleToolboxForMac.framework",
				"${BUILT_PRODUCTS_DIR}/MDFInternationalization/MDFInternationalization.framework",
				"${BUILT_PRODUCTS_DIR}/MDFTextAccessibility/MDFTextAccessibility.framework",
				"${BUILT_PRODUCTS_DIR}/MaterialComponents/MaterialComponents.framework",
				"${BUILT_PRODUCTS_DIR}/MotionAnimator/MotionAnimator.framework",
				"${BUILT_PRODUCTS_DIR}/MotionInterchange/MotionInterchange.framework",
				"${BUILT_PRODUCTS_DIR}/MotionTransitioning/MotionTransitioning.framework",
				"${BUILT_PRODUCTS_DIR}/Realm/Realm.framework",
				"${BUILT_PRODUCTS_DIR}/RealmSwift/RealmSwift.framework",
				"${BUILT_PRODUCTS_DIR}/RxCocoa/RxCocoa.framework",
				"${BUILT_PRODUCTS_DIR}/RxSwift/RxSwift.framework",
				"${BUILT_PRODUCTS_DIR}/SwiftyJSON/SwiftyJSON.framework",
				"${BUILT_PRODUCTS_DIR}/nanopb/nanopb.framework",
			);
			name = "[CP] Embed Pods Frameworks";
			outputPaths = (
				"${TARGET_BUILD_DIR}/${FRAMEWORKS_FOLDER_PATH}/Alamofire.framework",
				"${TARGET_BUILD_DIR}/${FRAMEWORKS_FOLDER_PATH}/GoogleToolboxForMac.framework",
				"${TARGET_BUILD_DIR}/${FRAMEWORKS_FOLDER_PATH}/MDFInternationalization.framework",
				"${TARGET_BUILD_DIR}/${FRAMEWORKS_FOLDER_PATH}/MDFTextAccessibility.framework",
				"${TARGET_BUILD_DIR}/${FRAMEWORKS_FOLDER_PATH}/MaterialComponents.framework",
				"${TARGET_BUILD_DIR}/${FRAMEWORKS_FOLDER_PATH}/MotionAnimator.framework",
				"${TARGET_BUILD_DIR}/${FRAMEWORKS_FOLDER_PATH}/MotionInterchange.framework",
				"${TARGET_BUILD_DIR}/${FRAMEWORKS_FOLDER_PATH}/MotionTransitioning.framework",
				"${TARGET_BUILD_DIR}/${FRAMEWORKS_FOLDER_PATH}/Realm.framework",
				"${TARGET_BUILD_DIR}/${FRAMEWORKS_FOLDER_PATH}/RealmSwift.framework",
				"${TARGET_BUILD_DIR}/${FRAMEWORKS_FOLDER_PATH}/RxCocoa.framework",
				"${TARGET_BUILD_DIR}/${FRAMEWORKS_FOLDER_PATH}/RxSwift.framework",
				"${TARGET_BUILD_DIR}/${FRAMEWORKS_FOLDER_PATH}/SwiftyJSON.framework",
				"${TARGET_BUILD_DIR}/${FRAMEWORKS_FOLDER_PATH}/nanopb.framework",
			);
			runOnlyForDeploymentPostprocessing = 0;
			shellPath = /bin/sh;
			shellScript = "\"${SRCROOT}/Pods/Target Support Files/Pods-MonkeyTutor/Pods-MonkeyTutor-frameworks.sh\"\n";
			showEnvVarsInLog = 0;
		};
		D231BDF08FE3A74BE2AAAA9A /* [CP] Check Pods Manifest.lock */ = {
			isa = PBXShellScriptBuildPhase;
			buildActionMask = 2147483647;
			files = (
			);
			inputPaths = (
				"${PODS_PODFILE_DIR_PATH}/Podfile.lock",
				"${PODS_ROOT}/Manifest.lock",
			);
			name = "[CP] Check Pods Manifest.lock";
			outputPaths = (
				"$(DERIVED_FILE_DIR)/Pods-OneSignalNotificationServiceExtension-checkManifestLockResult.txt",
			);
			runOnlyForDeploymentPostprocessing = 0;
			shellPath = /bin/sh;
			shellScript = "diff \"${PODS_PODFILE_DIR_PATH}/Podfile.lock\" \"${PODS_ROOT}/Manifest.lock\" > /dev/null\nif [ $? != 0 ] ; then\n    # print error to STDERR\n    echo \"error: The sandbox is not in sync with the Podfile.lock. Run 'pod install' or update your CocoaPods installation.\" >&2\n    exit 1\nfi\n# This output is used by Xcode 'outputs' to avoid re-running this script phase.\necho \"SUCCESS\" > \"${SCRIPT_OUTPUT_FILE_0}\"\n";
			showEnvVarsInLog = 0;
		};
/* End PBXShellScriptBuildPhase section */

/* Begin PBXSourcesBuildPhase section */
		846BF356208B731800573C70 /* Sources */ = {
			isa = PBXSourcesBuildPhase;
			buildActionMask = 2147483647;
			files = (
				846BF35D208B731900573C70 /* NotificationService.swift in Sources */,
			);
			runOnlyForDeploymentPostprocessing = 0;
		};
		849771E2200AF40600DDCA2C /* Sources */ = {
			isa = PBXSourcesBuildPhase;
			buildActionMask = 2147483647;
			files = (
				84FA33AD208456BE00F7DE36 /* WorkflowDetailViewController.swift in Sources */,
				84FE93FD2087A6140013B4EB /* AssignWorkflowDetailViewController.swift in Sources */,
				849D474E2080FCD300CDC931 /* UserLoginManager.swift in Sources */,
				849D476120825A8700CDC931 /* WorkflowTableViewController.swift in Sources */,
				84FE93F9208786070013B4EB /* TutorManager.swift in Sources */,
				84FE93FF208825A40013B4EB /* NotificationTokenManager.swift in Sources */,
				84FA33B12084578600F7DE36 /* AssignWorkflowViewController.swift in Sources */,
				84A13CD62083B580006B7E0F /* TagSelectViewController.swift in Sources */,
				849D47472080F8DE00CDC931 /* NetworkManager.swift in Sources */,
				849D475D20822D0500CDC931 /* UserDAO.swift in Sources */,
				849D475620821ABC00CDC931 /* LoadingViewController.swift in Sources */,
				849D475A2082286F00CDC931 /* AlertViewController.swift in Sources */,
				849D47692083446A00CDC931 /* NewWorkflowViewController.swift in Sources */,
				844A07ED20843F540080B47B /* Extension.swift in Sources */,
				849D47452080F89000CDC931 /* ViewController.swift in Sources */,
				849D475F2082547900CDC931 /* SettingTableViewController.swift in Sources */,
				849771EA200AF40600DDCA2C /* AppDelegate.swift in Sources */,
				849D476320831BC900CDC931 /* WorkflowManager.swift in Sources */,
				84A13CDA2083C0BF006B7E0F /* DateSelectViewController.swift in Sources */,
				84FA33B52084A14A00F7DE36 /* ChangeWorkflowStatusViewController.swift in Sources */,
				849D475220810C4900CDC931 /* RealmManager.swift in Sources */,
				849D476520831E9100CDC931 /* WorkflowListTableViewController.swift in Sources */,
				849D474B2080FBCB00CDC931 /* CryptoJS.swift in Sources */,
			);
			runOnlyForDeploymentPostprocessing = 0;
		};
/* End PBXSourcesBuildPhase section */

/* Begin PBXTargetDependency section */
		846BF360208B731900573C70 /* PBXTargetDependency */ = {
			isa = PBXTargetDependency;
			target = 846BF359208B731800573C70 /* OneSignalNotificationServiceExtension */;
			targetProxy = 846BF35F208B731900573C70 /* PBXContainerItemProxy */;
		};
/* End PBXTargetDependency section */

/* Begin PBXVariantGroup section */
		849771F2200AF40600DDCA2C /* LaunchScreen.storyboard */ = {
			isa = PBXVariantGroup;
			children = (
				849771F3200AF40600DDCA2C /* Base */,
			);
			name = LaunchScreen.storyboard;
			sourceTree = "<group>";
		};
/* End PBXVariantGroup section */

/* Begin XCBuildConfiguration section */
		846BF362208B731900573C70 /* Debug */ = {
			isa = XCBuildConfiguration;
			baseConfigurationReference = 7B2EC1E8973A42F6E5FA798A /* Pods-OneSignalNotificationServiceExtension.debug.xcconfig */;
			buildSettings = {
				CLANG_ENABLE_OBJC_WEAK = YES;
				CODE_SIGN_STYLE = Automatic;
				DEVELOPMENT_TEAM = S4F5J66T3H;
				INFOPLIST_FILE = OneSignalNotificationServiceExtension/Info.plist;
				IPHONEOS_DEPLOYMENT_TARGET = 11.3;
				LD_RUNPATH_SEARCH_PATHS = "$(inherited) @executable_path/Frameworks @executable_path/../../Frameworks";
				PRODUCT_BUNDLE_IDENTIFIER = "com.monkey-monkey.tutor.OneSignalNotificationServiceExtension";
				PRODUCT_NAME = "$(TARGET_NAME)";
				SKIP_INSTALL = YES;
				SWIFT_VERSION = 4.0;
				TARGETED_DEVICE_FAMILY = "1,2";
			};
			name = Debug;
		};
		846BF363208B731900573C70 /* Release */ = {
			isa = XCBuildConfiguration;
			baseConfigurationReference = DC6E99D755B1CAC789001A1F /* Pods-OneSignalNotificationServiceExtension.release.xcconfig */;
			buildSettings = {
				CLANG_ENABLE_OBJC_WEAK = YES;
				CODE_SIGN_STYLE = Automatic;
				DEVELOPMENT_TEAM = S4F5J66T3H;
				INFOPLIST_FILE = OneSignalNotificationServiceExtension/Info.plist;
				IPHONEOS_DEPLOYMENT_TARGET = 11.3;
				LD_RUNPATH_SEARCH_PATHS = "$(inherited) @executable_path/Frameworks @executable_path/../../Frameworks";
				PRODUCT_BUNDLE_IDENTIFIER = "com.monkey-monkey.tutor.OneSignalNotificationServiceExtension";
				PRODUCT_NAME = "$(TARGET_NAME)";
				SKIP_INSTALL = YES;
				SWIFT_VERSION = 4.0;
				TARGETED_DEVICE_FAMILY = "1,2";
			};
			name = Release;
		};
		8497720C200AF40600DDCA2C /* Debug */ = {
			isa = XCBuildConfiguration;
			buildSettings = {
				ALWAYS_SEARCH_USER_PATHS = NO;
				CLANG_ANALYZER_NONNULL = YES;
				CLANG_ANALYZER_NUMBER_OBJECT_CONVERSION = YES_AGGRESSIVE;
				CLANG_CXX_LANGUAGE_STANDARD = "gnu++14";
				CLANG_CXX_LIBRARY = "libc++";
				CLANG_ENABLE_MODULES = YES;
				CLANG_ENABLE_OBJC_ARC = YES;
				CLANG_WARN_BLOCK_CAPTURE_AUTORELEASING = YES;
				CLANG_WARN_BOOL_CONVERSION = YES;
				CLANG_WARN_COMMA = YES;
				CLANG_WARN_CONSTANT_CONVERSION = YES;
				CLANG_WARN_DEPRECATED_OBJC_IMPLEMENTATIONS = YES;
				CLANG_WARN_DIRECT_OBJC_ISA_USAGE = YES_ERROR;
				CLANG_WARN_DOCUMENTATION_COMMENTS = YES;
				CLANG_WARN_EMPTY_BODY = YES;
				CLANG_WARN_ENUM_CONVERSION = YES;
				CLANG_WARN_INFINITE_RECURSION = YES;
				CLANG_WARN_INT_CONVERSION = YES;
				CLANG_WARN_NON_LITERAL_NULL_CONVERSION = YES;
				CLANG_WARN_OBJC_IMPLICIT_RETAIN_SELF = YES;
				CLANG_WARN_OBJC_LITERAL_CONVERSION = YES;
				CLANG_WARN_OBJC_ROOT_CLASS = YES_ERROR;
				CLANG_WARN_RANGE_LOOP_ANALYSIS = YES;
				CLANG_WARN_STRICT_PROTOTYPES = YES;
				CLANG_WARN_SUSPICIOUS_MOVE = YES;
				CLANG_WARN_UNGUARDED_AVAILABILITY = YES_AGGRESSIVE;
				CLANG_WARN_UNREACHABLE_CODE = YES;
				CLANG_WARN__DUPLICATE_METHOD_MATCH = YES;
				CODE_SIGN_IDENTITY = "iPhone Developer";
				COPY_PHASE_STRIP = NO;
				DEBUG_INFORMATION_FORMAT = dwarf;
				ENABLE_STRICT_OBJC_MSGSEND = YES;
				ENABLE_TESTABILITY = YES;
				GCC_C_LANGUAGE_STANDARD = gnu11;
				GCC_DYNAMIC_NO_PIC = NO;
				GCC_NO_COMMON_BLOCKS = YES;
				GCC_OPTIMIZATION_LEVEL = 0;
				GCC_PREPROCESSOR_DEFINITIONS = (
					"DEBUG=1",
					"$(inherited)",
				);
				GCC_WARN_64_TO_32_BIT_CONVERSION = YES;
				GCC_WARN_ABOUT_RETURN_TYPE = YES_ERROR;
				GCC_WARN_UNDECLARED_SELECTOR = YES;
				GCC_WARN_UNINITIALIZED_AUTOS = YES_AGGRESSIVE;
				GCC_WARN_UNUSED_FUNCTION = YES;
				GCC_WARN_UNUSED_VARIABLE = YES;
				IPHONEOS_DEPLOYMENT_TARGET = 11.2;
				MTL_ENABLE_DEBUG_INFO = YES;
				ONLY_ACTIVE_ARCH = YES;
				SDKROOT = iphoneos;
				SWIFT_ACTIVE_COMPILATION_CONDITIONS = DEBUG;
				SWIFT_OPTIMIZATION_LEVEL = "-Onone";
				SWIFT_VERSION = 4.0;
			};
			name = Debug;
		};
		8497720D200AF40600DDCA2C /* Release */ = {
			isa = XCBuildConfiguration;
			buildSettings = {
				ALWAYS_SEARCH_USER_PATHS = NO;
				CLANG_ANALYZER_NONNULL = YES;
				CLANG_ANALYZER_NUMBER_OBJECT_CONVERSION = YES_AGGRESSIVE;
				CLANG_CXX_LANGUAGE_STANDARD = "gnu++14";
				CLANG_CXX_LIBRARY = "libc++";
				CLANG_ENABLE_MODULES = YES;
				CLANG_ENABLE_OBJC_ARC = YES;
				CLANG_WARN_BLOCK_CAPTURE_AUTORELEASING = YES;
				CLANG_WARN_BOOL_CONVERSION = YES;
				CLANG_WARN_COMMA = YES;
				CLANG_WARN_CONSTANT_CONVERSION = YES;
				CLANG_WARN_DEPRECATED_OBJC_IMPLEMENTATIONS = YES;
				CLANG_WARN_DIRECT_OBJC_ISA_USAGE = YES_ERROR;
				CLANG_WARN_DOCUMENTATION_COMMENTS = YES;
				CLANG_WARN_EMPTY_BODY = YES;
				CLANG_WARN_ENUM_CONVERSION = YES;
				CLANG_WARN_INFINITE_RECURSION = YES;
				CLANG_WARN_INT_CONVERSION = YES;
				CLANG_WARN_NON_LITERAL_NULL_CONVERSION = YES;
				CLANG_WARN_OBJC_IMPLICIT_RETAIN_SELF = YES;
				CLANG_WARN_OBJC_LITERAL_CONVERSION = YES;
				CLANG_WARN_OBJC_ROOT_CLASS = YES_ERROR;
				CLANG_WARN_RANGE_LOOP_ANALYSIS = YES;
				CLANG_WARN_STRICT_PROTOTYPES = YES;
				CLANG_WARN_SUSPICIOUS_MOVE = YES;
				CLANG_WARN_UNGUARDED_AVAILABILITY = YES_AGGRESSIVE;
				CLANG_WARN_UNREACHABLE_CODE = YES;
				CLANG_WARN__DUPLICATE_METHOD_MATCH = YES;
				CODE_SIGN_IDENTITY = "iPhone Developer";
				COPY_PHASE_STRIP = NO;
				DEBUG_INFORMATION_FORMAT = "dwarf-with-dsym";
				ENABLE_NS_ASSERTIONS = NO;
				ENABLE_STRICT_OBJC_MSGSEND = YES;
				GCC_C_LANGUAGE_STANDARD = gnu11;
				GCC_NO_COMMON_BLOCKS = YES;
				GCC_WARN_64_TO_32_BIT_CONVERSION = YES;
				GCC_WARN_ABOUT_RETURN_TYPE = YES_ERROR;
				GCC_WARN_UNDECLARED_SELECTOR = YES;
				GCC_WARN_UNINITIALIZED_AUTOS = YES_AGGRESSIVE;
				GCC_WARN_UNUSED_FUNCTION = YES;
				GCC_WARN_UNUSED_VARIABLE = YES;
				IPHONEOS_DEPLOYMENT_TARGET = 11.2;
				MTL_ENABLE_DEBUG_INFO = NO;
				SDKROOT = iphoneos;
				SWIFT_OPTIMIZATION_LEVEL = "-Owholemodule";
				SWIFT_VERSION = 4.0;
				VALIDATE_PRODUCT = YES;
			};
			name = Release;
		};
		8497720F200AF40600DDCA2C /* Debug */ = {
			isa = XCBuildConfiguration;
			baseConfigurationReference = 6C28106C9DA519EF7A6C3940 /* Pods-MonkeyTutor.debug.xcconfig */;
			buildSettings = {
				ALWAYS_EMBED_SWIFT_STANDARD_LIBRARIES = YES;
				ASSETCATALOG_COMPILER_APPICON_NAME = AppIcon;
				CODE_SIGN_ENTITLEMENTS = MonkeyTutor/MonkeyTutor.entitlements;
				CODE_SIGN_STYLE = Automatic;
				DEVELOPMENT_TEAM = S4F5J66T3H;
				INFOPLIST_FILE = MonkeyTutor/Info.plist;
				LD_RUNPATH_SEARCH_PATHS = "$(inherited) @executable_path/Frameworks";
				PRODUCT_BUNDLE_IDENTIFIER = "com.monkey-monkey.tutor";
				PRODUCT_NAME = "$(TARGET_NAME)";
				SWIFT_VERSION = 4.0;
				TARGETED_DEVICE_FAMILY = "1,2";
			};
			name = Debug;
		};
		84977210200AF40600DDCA2C /* Release */ = {
			isa = XCBuildConfiguration;
			baseConfigurationReference = 1F29AD33F1E20ECA8EC927E2 /* Pods-MonkeyTutor.release.xcconfig */;
			buildSettings = {
				ALWAYS_EMBED_SWIFT_STANDARD_LIBRARIES = YES;
				ASSETCATALOG_COMPILER_APPICON_NAME = AppIcon;
				CODE_SIGN_ENTITLEMENTS = MonkeyTutor/MonkeyTutor.entitlements;
				CODE_SIGN_STYLE = Automatic;
				DEVELOPMENT_TEAM = S4F5J66T3H;
				INFOPLIST_FILE = MonkeyTutor/Info.plist;
				LD_RUNPATH_SEARCH_PATHS = "$(inherited) @executable_path/Frameworks";
				PRODUCT_BUNDLE_IDENTIFIER = "com.monkey-monkey.tutor";
				PRODUCT_NAME = "$(TARGET_NAME)";
				SWIFT_VERSION = 4.0;
				TARGETED_DEVICE_FAMILY = "1,2";
			};
			name = Release;
		};
/* End XCBuildConfiguration section */

/* Begin XCConfigurationList section */
		846BF364208B731900573C70 /* Build configuration list for PBXNativeTarget "OneSignalNotificationServiceExtension" */ = {
			isa = XCConfigurationList;
			buildConfigurations = (
				846BF362208B731900573C70 /* Debug */,
				846BF363208B731900573C70 /* Release */,
			);
			defaultConfigurationIsVisible = 0;
			defaultConfigurationName = Release;
		};
		849771E1200AF40600DDCA2C /* Build configuration list for PBXProject "MonkeyTutor" */ = {
			isa = XCConfigurationList;
			buildConfigurations = (
				8497720C200AF40600DDCA2C /* Debug */,
				8497720D200AF40600DDCA2C /* Release */,
			);
			defaultConfigurationIsVisible = 0;
			defaultConfigurationName = Release;
		};
		8497720E200AF40600DDCA2C /* Build configuration list for PBXNativeTarget "MonkeyTutor" */ = {
			isa = XCConfigurationList;
			buildConfigurations = (
				8497720F200AF40600DDCA2C /* Debug */,
				84977210200AF40600DDCA2C /* Release */,
			);
			defaultConfigurationIsVisible = 0;
			defaultConfigurationName = Release;
		};
/* End XCConfigurationList section */
	};
	rootObject = 849771DE200AF40600DDCA2C /* Project object */;
}
